PODS:
  - SnapKit (5.6.0)
  - WeChatQRCodeScanner_Swift (1.0.2)

DEPENDENCIES:
  - SnapKit
  - WeChatQRCodeScanner_Swift (from `../`)

SPEC REPOS:
  https://github.com/CocoaPods/Specs.git:
    - SnapKit

EXTERNAL SOURCES:
  WeChatQRCodeScanner_Swift:
    :path: "../"

SPEC CHECKSUMS:
  SnapKit: e01d52ebb8ddbc333eefe2132acf85c8227d9c25
  WeChatQRCodeScanner_Swift: 531d65be2cc0c348e515c73a7b1586d1ce4f8bed

PODFILE CHECKSUM: 6a1fccd86760d88c44f30a0f9ae68065543cc3bd

COCOAPODS: 1.14.3
