PODS:
  - R.swift (6.1.0):
    - R.swift.Library (~> 5.3.0)
  - R.swift.Library (5.3.0)
  - SnapKit (5.6.0)
  - SwiftLint (0.47.1)
  - Toast-Swift (5.0.1)
  - WeChatQRCodeScanner_Swift (1.0.0):
    - R.swift

DEPENDENCIES:
  - R.swift
  - SnapKit
  - SwiftLint
  - Toast-Swift
  - WeChatQRCodeScanner_Swift (from `../`)

SPEC REPOS:
  https://github.com/CocoaPods/Specs.git:
    - R.swift
    - R.swift.Library
    - SnapKit
    - SwiftLint
    - Toast-Swift

EXTERNAL SOURCES:
  WeChatQRCodeScanner_Swift:
    :path: "../"

SPEC CHECKSUMS:
  R.swift: ec98ff71c4ab2f6fd01dd077e5afd15e63a4834c
  R.swift.Library: 0fc583cb55a99e28901299cc451614cad1161962
  SnapKit: e01d52ebb8ddbc333eefe2132acf85c8227d9c25
  SwiftLint: f80f1be7fa96d30e0aa68e58d45d4ea1ccaac519
  Toast-Swift: 9b6a70f28b3bf0b96c40d46c0c4b9d6639846711
  WeChatQRCodeScanner_Swift: 30660486c8c0a46793b6ff8e130b92f0a396a54c

PODFILE CHECKSUM: 2c9d21c19af49734c7a26afa2da6766b335ff0cc

COCOAPODS: 1.11.3
