PODS:
  - WeChatQRCodeScanner_Swift (1.0.2)

DEPENDENCIES:
  - WeChatQRCodeScanner_Swift (from `../`)

EXTERNAL SOURCES:
  WeChatQRCodeScanner_Swift:
    :path: "../"

SPEC CHECKSUMS:
  WeChatQRCodeScanner_Swift: 1469d9ec9021e6352de3a7f9814c5e542bcbc94a

PODFILE CHECKSUM: 61979521d606fc1aa545eb8242b8d8aaafd16c1f

COCOAPODS: 1.14.3
